
Microsoft Visual Studio Solution File, Format Version 12.00
# Visual Studio Version 17
VisualStudioVersion = 17.7.34031.279
MinimumVisualStudioVersion = 10.0.40219.1
Project("{FAE04EC0-301F-11D3-BF4B-00C04F79EFBC}") = "BackgroundRealTimeSignalrProject", "BackgroundRealTimeSignalrProject\BackgroundRealTimeSignalrProject.csproj", "{CA167850-B9C0-4B80-91FF-1A729A5F4912}"
EndProject
Global
	GlobalSection(SolutionConfigurationPlatforms) = preSolution
		Debug|Any CPU = Debug|Any CPU
		Release|Any CPU = Release|Any CPU
	EndGlobalSection
	GlobalSection(ProjectConfigurationPlatforms) = postSolution
		{CA167850-B9C0-4B80-91FF-1A729A5F4912}.Debug|Any CPU.ActiveCfg = Debug|Any CPU
		{CA167850-B9C0-4B80-91FF-1A729A5F4912}.Debug|Any CPU.Build.0 = Debug|Any CPU
		{CA167850-B9C0-4B80-91FF-1A729A5F4912}.Release|Any CPU.ActiveCfg = Release|Any CPU
		{CA167850-B9C0-4B80-91FF-1A729A5F4912}.Release|Any CPU.Build.0 = Release|Any CPU
	EndGlobalSection
	GlobalSection(SolutionProperties) = preSolution
		HideSolutionNode = FALSE
	EndGlobalSection
	GlobalSection(ExtensibilityGlobals) = postSolution
		SolutionGuid = {3313804A-FEB2-4964-8854-9EBEAF83410C}
	EndGlobalSection
EndGlobal
